
Microsoft Visual Studio Solution File, Format Version 12.00
Project() = "BazelDotnetcoreStarter", "BazelDotnetcoreStarter.csproj"
EndProject
Global
	GlobalSection(SolutionConfigurationPlatforms) = preSolution
		Debug|Any CPU = Debug|Any CPU
		Release|Any CPU = Release|Any CPU
	EndGlobalSection
	GlobalSection(ProjectConfigurationPlatforms) = postSolution
		Debug|Any CPU.ActiveCfg = Debug|Any CPU
		Debug|Any CPU.Build.0 = Debug|Any CPU
		Release|Any CPU.ActiveCfg = Release|Any CPU
		Release|Any CPU.Build.0 = Release|Any CPU
	EndGlobalSection
EndGlobal
