
Microsoft Visual Studio Solution File, Format Version 12.00
Project("{FAE04EC0-301F-11D3-BF4B-00C04F79EFBC}") = "BazelDotnetcoreStarter", "BazelDotnetcoreStarter.csproj", "{97BA95DB-30C4-4BC1-BAB0-A38A7C5803AA}"
EndProject
Global
	GlobalSection(SolutionConfigurationPlatforms) = preSolution
		Debug|Any CPU = Debug|Any CPU
		Release|Any CPU = Release|Any CPU
	EndGlobalSection
	GlobalSection(ProjectConfigurationPlatforms) = postSolution
		{97BA95DB-30C4-4BC1-BAB0-A38A7C5803AA}.Debug|Any CPU.ActiveCfg = Debug|Any CPU
		{97BA95DB-30C4-4BC1-BAB0-A38A7C5803AA}.Debug|Any CPU.Build.0 = Debug|Any CPU
		{97BA95DB-30C4-4BC1-BAB0-A38A7C5803AA}.Release|Any CPU.ActiveCfg = Release|Any CPU
		{97BA95DB-30C4-4BC1-BAB0-A38A7C5803AA}.Release|Any CPU.Build.0 = Release|Any CPU
	EndGlobalSection
EndGlobal
